
Microsoft Visual Studio Solution File, Format Version 12.00
# Visual Studio Version 17
VisualStudioVersion = 17.9.34728.123
MinimumVisualStudioVersion = 10.0.40219.1
Project("{9A19103F-16F7-4668-BE54-9A1E7A4F7556}") = "ApiJobs", "ApiJobs\ApiJobs.csproj", "{FA09BA02-1EAD-4ED3-B113-1F50CB0ACA34}"
EndProject
Project("{FAE04EC0-301F-11D3-BF4B-00C04F79EFBC}") = "ApiJobs.Business", "src\ApiJobs.Business\ApiJobs.Business.csproj", "{C48F0079-6B24-44C5-BEDE-DE6126F901C7}"
EndProject
Project("{FAE04EC0-301F-11D3-BF4B-00C04F79EFBC}") = "ApiJobs.Data", "src\ApiJobs.Data\ApiJobs.Data.csproj", "{0A367921-3D9B-49BB-99F7-12EF849A020A}"
EndProject
Global
	GlobalSection(SolutionConfigurationPlatforms) = preSolution
		Debug|Any CPU = Debug|Any CPU
		Release|Any CPU = Release|Any CPU
	EndGlobalSection
	GlobalSection(ProjectConfigurationPlatforms) = postSolution
		{FA09BA02-1EAD-4ED3-B113-1F50CB0ACA34}.Debug|Any CPU.ActiveCfg = Debug|Any CPU
		{FA09BA02-1EAD-4ED3-B113-1F50CB0ACA34}.Debug|Any CPU.Build.0 = Debug|Any CPU
		{FA09BA02-1EAD-4ED3-B113-1F50CB0ACA34}.Release|Any CPU.ActiveCfg = Release|Any CPU
		{FA09BA02-1EAD-4ED3-B113-1F50CB0ACA34}.Release|Any CPU.Build.0 = Release|Any CPU
		{C48F0079-6B24-44C5-BEDE-DE6126F901C7}.Debug|Any CPU.ActiveCfg = Debug|Any CPU
		{C48F0079-6B24-44C5-BEDE-DE6126F901C7}.Debug|Any CPU.Build.0 = Debug|Any CPU
		{C48F0079-6B24-44C5-BEDE-DE6126F901C7}.Release|Any CPU.ActiveCfg = Release|Any CPU
		{C48F0079-6B24-44C5-BEDE-DE6126F901C7}.Release|Any CPU.Build.0 = Release|Any CPU
		{0A367921-3D9B-49BB-99F7-12EF849A020A}.Debug|Any CPU.ActiveCfg = Debug|Any CPU
		{0A367921-3D9B-49BB-99F7-12EF849A020A}.Debug|Any CPU.Build.0 = Debug|Any CPU
		{0A367921-3D9B-49BB-99F7-12EF849A020A}.Release|Any CPU.ActiveCfg = Release|Any CPU
		{0A367921-3D9B-49BB-99F7-12EF849A020A}.Release|Any CPU.Build.0 = Release|Any CPU
	EndGlobalSection
	GlobalSection(SolutionProperties) = preSolution
		HideSolutionNode = FALSE
	EndGlobalSection
	GlobalSection(ExtensibilityGlobals) = postSolution
		SolutionGuid = {A51B9351-7AE0-450E-9589-C264199E1F88}
	EndGlobalSection
EndGlobal
